dependencies:
  body-parser: 1.19.0
  polka: 0.5.2
lockfileVersion: 5.1
packages:
  /@arr/every/1.0.1:
    dev: false
    engines:
      node: '>=4'
    resolution:
      integrity: sha512-UQFQ6SgyJ6LX42W8rHCs8KVc0JS0tzVL9ct4XYedJukskYVWTo49tNiMEK9C2HTyarbNiT/RVIRSY82vH+6sTg==
  /@polka/url/0.5.0:
    dev: false
    resolution:
      integrity: sha512-oZLYFEAzUKyi3SKnXvj32ZCEGH6RDnao7COuCVhDydMS9NrCSVXhM79VaKyP5+Zc33m0QXEd2DN3UkU7OsHcfw==
  /body-parser/1.19.0:
    dependencies:
      bytes: 3.1.0
      content-type: 1.0.4
      debug: 2.6.9
      depd: 1.1.2
      http-errors: 1.7.2
      iconv-lite: 0.4.24
      on-finished: 2.3.0
      qs: 6.7.0
      raw-body: 2.4.0
      type-is: 1.6.18
    dev: false
    engines:
      node: '>= 0.8'
    resolution:
      integrity: sha512-dhEPs72UPbDnAQJ9ZKMNTP6ptJaionhP5cBb541nXPlW60Jepo9RV/a4fX4XWW9CuFNK22krhrj1+rgzifNCsw==
  /bytes/3.1.0:
    dev: false
    engines:
      node: '>= 0.8'
    resolution:
      integrity: sha512-zauLjrfCG+xvoyaqLoV8bLVXXNGC4JqlxFCutSDWA6fJrTo2ZuvLYTqZ7aHBLZSMOopbzwv8f+wZcVzfVTI2Dg==
  /content-type/1.0.4:
    dev: false
    engines:
      node: '>= 0.6'
    resolution:
      integrity: sha512-hIP3EEPs8tB9AT1L+NUqtwOAps4mk2Zob89MWXMHjHWg9milF/j4osnnQLXBCBFBk/tvIG/tUc9mOUJiPBhPXA==
  /debug/2.6.9:
    dependencies:
      ms: 2.0.0
    dev: false
    resolution:
      integrity: sha512-bC7ElrdJaJnPbAP+1EotYvqZsb3ecl5wi6Bfi6BJTUcNowp6cvspg0jXznRTKDjm/E7AdgFBVeAPVMNcKGsHMA==
  /depd/1.1.2:
    dev: false
    engines:
      node: '>= 0.6'
    resolution:
      integrity: sha1-m81S4UwJd2PnSbJ0xDRu0uVgtak=
  /ee-first/1.1.1:
    dev: false
    resolution:
      integrity: sha1-WQxhFWsK4vTwJVcyoViyZrxWsh0=
  /http-errors/1.7.2:
    dependencies:
      depd: 1.1.2
      inherits: 2.0.3
      setprototypeof: 1.1.1
      statuses: 1.5.0
      toidentifier: 1.0.0
    dev: false
    engines:
      node: '>= 0.6'
    resolution:
      integrity: sha512-uUQBt3H/cSIVfch6i1EuPNy/YsRSOUBXTVfZ+yR7Zjez3qjBz6i9+i4zjNaoqcoFVI4lQJ5plg63TvGfRSDCRg==
  /iconv-lite/0.4.24:
    dependencies:
      safer-buffer: 2.1.2
    dev: false
    engines:
      node: '>=0.10.0'
    resolution:
      integrity: sha512-v3MXnZAcvnywkTUEZomIActle7RXXeedOR31wwl7VlyoXO4Qi9arvSenNQWne1TcRwhCL1HwLI21bEqdpj8/rA==
  /inherits/2.0.3:
    dev: false
    resolution:
      integrity: sha1-Yzwsg+PaQqUC9SRmAiSA9CCCYd4=
  /matchit/1.0.8:
    dependencies:
      '@arr/every': 1.0.1
    dev: false
    engines:
      node: '>=6'
    resolution:
      integrity: sha512-CwPPICzozd/ezCzpVwGYG5bMVieaapnA0vvHDQnmQ2u2vZtVLynoPmvFsZjL67hFOvTBhhpqSR0bq3uloDP/Rw==
  /media-typer/0.3.0:
    dev: false
    engines:
      node: '>= 0.6'
    resolution:
      integrity: sha1-hxDXrwqmJvj/+hzgAWhUUmMlV0g=
  /mime-db/1.44.0:
    dev: false
    engines:
      node: '>= 0.6'
    resolution:
      integrity: sha512-/NOTfLrsPBVeH7YtFPgsVWveuL+4SjjYxaQ1xtM1KMFj7HdxlBlxeyNLzhyJVx7r4rZGJAZ/6lkKCitSc/Nmpg==
  /mime-types/2.1.27:
    dependencies:
      mime-db: 1.44.0
    dev: false
    engines:
      node: '>= 0.6'
    resolution:
      integrity: sha512-JIhqnCasI9yD+SsmkquHBxTSEuZdQX5BuQnS2Vc7puQQQ+8yiP5AY5uWhpdv4YL4VM5c6iliiYWPgJ/nJQLp7w==
  /ms/2.0.0:
    dev: false
    resolution:
      integrity: sha1-VgiurfwAvmwpAd9fmGF4jeDVl8g=
  /on-finished/2.3.0:
    dependencies:
      ee-first: 1.1.1
    dev: false
    engines:
      node: '>= 0.8'
    resolution:
      integrity: sha1-IPEzZIGwg811M3mSoWlxqi2QaUc=
  /polka/0.5.2:
    dependencies:
      '@polka/url': 0.5.0
      trouter: 2.0.1
    dev: false
    resolution:
      integrity: sha512-FVg3vDmCqP80tOrs+OeNlgXYmFppTXdjD5E7I4ET1NjvtNmQrb1/mJibybKkb/d4NA7YWAr1ojxuhpL3FHqdlw==
  /qs/6.7.0:
    dev: false
    engines:
      node: '>=0.6'
    resolution:
      integrity: sha512-VCdBRNFTX1fyE7Nb6FYoURo/SPe62QCaAyzJvUjwRaIsc+NePBEniHlvxFmmX56+HZphIGtV0XeCirBtpDrTyQ==
  /raw-body/2.4.0:
    dependencies:
      bytes: 3.1.0
      http-errors: 1.7.2
      iconv-lite: 0.4.24
      unpipe: 1.0.0
    dev: false
    engines:
      node: '>= 0.8'
    resolution:
      integrity: sha512-4Oz8DUIwdvoa5qMJelxipzi/iJIi40O5cGV1wNYp5hvZP8ZN0T+jiNkL0QepXs+EsQ9XJ8ipEDoiH70ySUJP3Q==
  /safer-buffer/2.1.2:
    dev: false
    resolution:
      integrity: sha512-YZo3K82SD7Riyi0E1EQPojLz7kpepnSQI9IyPbHHg1XXXevb5dJI7tpyN2ADxGcQbHG7vcyRHk0cbwqcQriUtg==
  /setprototypeof/1.1.1:
    dev: false
    resolution:
      integrity: sha512-JvdAWfbXeIGaZ9cILp38HntZSFSo3mWg6xGcJJsd+d4aRMOqauag1C63dJfDw7OaMYwEbHMOxEZ1lqVRYP2OAw==
  /statuses/1.5.0:
    dev: false
    engines:
      node: '>= 0.6'
    resolution:
      integrity: sha1-Fhx9rBd2Wf2YEfQ3cfqZOBR4Yow=
  /toidentifier/1.0.0:
    dev: false
    engines:
      node: '>=0.6'
    resolution:
      integrity: sha512-yaOH/Pk/VEhBWWTlhI+qXxDFXlejDGcQipMlyxda9nthulaxLZUNcUqFxokp0vcYnvteJln5FNQDRrxj3YcbVw==
  /trouter/2.0.1:
    dependencies:
      matchit: 1.0.8
    dev: false
    engines:
      node: '>=6'
    resolution:
      integrity: sha512-kr8SKKw94OI+xTGOkfsvwZQ8mWoikZDd2n8XZHjJVZUARZT+4/VV6cacRS6CLsH9bNm+HFIPU1Zx4CnNnb4qlQ==
  /type-is/1.6.18:
    dependencies:
      media-typer: 0.3.0
      mime-types: 2.1.27
    dev: false
    engines:
      node: '>= 0.6'
    resolution:
      integrity: sha512-TkRKr9sUTxEH8MdfuCSP7VizJyzRNMjj2J2do2Jr3Kym598JVdEksuzPQCnlFPW4ky9Q+iA+ma9BGm06XQBy8g==
  /unpipe/1.0.0:
    dev: false
    engines:
      node: '>= 0.8'
    resolution:
      integrity: sha1-sr9O6FFKrmFltIF4KdIbLvSZBOw=
specifiers:
  body-parser: ^1.19.0
  polka: ^0.5.2
